{
  "version": 4,
  "terraform_version": "1.4.2",
  "serial": 34,
  "lineage": "21d22610-042c-5ae0-c4f1-3e232216d0eb",
  "outputs": {},
  "resources": [
    {
      "mode": "managed",
      "type": "newrelic_alert_policy",
      "name": "practice_alert_with_count",
      "provider": "provider[\"registry.terraform.io/newrelic/newrelic\"]",
      "instances": [
        {
          "schema_version": 0,
          "attributes": {
            "account_id": 4043696,
            "channel_ids": null,
            "id": "4576364",
            "incident_preference": "PER_POLICY",
            "name": "practice_alert_with_count"
          },
          "sensitive_attributes": [],
          "private": "bnVsbA=="
        }
      ]
    }
  ],
  "check_results": null
}
